# THIS IS AN AUTOGENERATED FILE. DO NOT EDIT THIS FILE DIRECTLY.
# yarn lockfile v1


eslint-plugin-security@^1.4.0:
  version "1.4.0"
  resolved "https://registry.yarnpkg.com/eslint-plugin-security/-/eslint-plugin-security-1.4.0.tgz#d4f314484a80b1b613b8c8886e84f52efe1526c2"
  dependencies:
    safe-regex "^1.1.0"

ret@~0.1.10:
  version "0.1.15"
  resolved "https://registry.yarnpkg.com/ret/-/ret-0.1.15.tgz#b8a4825d5bdb1fc3f6f53c2bc33f81388681c7bc"

safe-regex@^1.1.0:
  version "1.1.0"
  resolved "https://registry.yarnpkg.com/safe-regex/-/safe-regex-1.1.0.tgz#40a3669f3b077d1e943d44629e157dd48023bf2e"
  dependencies:
    ret "~0.1.10"
